
Microsoft Visual Studio Solution File, Format Version 12.00
# Visual Studio Version 17
VisualStudioVersion = 17.10.35027.167
MinimumVisualStudioVersion = 10.0.40219.1
Project("{9A19103F-16F7-4668-BE54-9A1E7A4F7556}") = "ShoeGrabMonolith", "ShoeGrabMonolith\ShoeGrabMonolith.csproj", "{CC799698-F280-4DBC-8C68-4DFCC582DA72}"
EndProject
Project("{2150E333-8FDC-42A3-9474-1A3956D46DE8}") = "Projects", "Projects", "{AD3838FA-B965-4521-9F64-F71CDEE0FE5F}"
EndProject
Project("{9A19103F-16F7-4668-BE54-9A1E7A4F7556}") = "ShoeGrabCommonModels", "ShoeGrabCommonModels\ShoeGrabCommonModels.csproj", "{35C1538E-5B91-4CEC-A9EB-9A6263448C06}"
EndProject
Project("{9A19103F-16F7-4668-BE54-9A1E7A4F7556}") = "ShoeGrabUserManagement", "ShoeGrabUserManagement\ShoeGrabUserManagement.csproj", "{54C0639B-7CC7-443C-B4CC-571FEEC0DBBF}"
EndProject
Project("{9A19103F-16F7-4668-BE54-9A1E7A4F7556}") = "ShoeGrabOrderManagement", "ShoeGrabOrderManagement\ShoeGrabOrderManagement.csproj", "{15AFFA8F-E8E5-4DEE-BA6E-F6F6493FB6DD}"
EndProject
Project("{9A19103F-16F7-4668-BE54-9A1E7A4F7556}") = "ShoeGrabProductManagement", "ShoeGrabProductManagement\ShoeGrabProductManagement.csproj", "{84F98B8C-1ED7-4475-A44F-E885C8479235}"
EndProject
Project("{FAE04EC0-301F-11D3-BF4B-00C04F79EFBC}") = "ShoeGrabCRMService", "ShoeGrabCRMService\ShoeGrabCRMService.csproj", "{3A88851C-3A47-4062-9511-25B946F1235F}"
EndProject
Project("{FAE04EC0-301F-11D3-BF4B-00C04F79EFBC}") = "ShoeGrabTests", "ShoeGrabTests\ShoeGrabTests.csproj", "{6195921E-C954-4C5E-B447-8C507B46CF0D}"
EndProject
Project("{2150E333-8FDC-42A3-9474-1A3956D46DE8}") = "Tests", "Tests", "{43384171-3A75-43F5-9ECF-CF19F6170E8B}"
EndProject
Global
	GlobalSection(SolutionConfigurationPlatforms) = preSolution
		Debug|Any CPU = Debug|Any CPU
		Release|Any CPU = Release|Any CPU
	EndGlobalSection
	GlobalSection(ProjectConfigurationPlatforms) = postSolution
		{CC799698-F280-4DBC-8C68-4DFCC582DA72}.Debug|Any CPU.ActiveCfg = Debug|Any CPU
		{CC799698-F280-4DBC-8C68-4DFCC582DA72}.Debug|Any CPU.Build.0 = Debug|Any CPU
		{CC799698-F280-4DBC-8C68-4DFCC582DA72}.Release|Any CPU.ActiveCfg = Release|Any CPU
		{CC799698-F280-4DBC-8C68-4DFCC582DA72}.Release|Any CPU.Build.0 = Release|Any CPU
		{35C1538E-5B91-4CEC-A9EB-9A6263448C06}.Debug|Any CPU.ActiveCfg = Debug|Any CPU
		{35C1538E-5B91-4CEC-A9EB-9A6263448C06}.Debug|Any CPU.Build.0 = Debug|Any CPU
		{35C1538E-5B91-4CEC-A9EB-9A6263448C06}.Release|Any CPU.ActiveCfg = Release|Any CPU
		{35C1538E-5B91-4CEC-A9EB-9A6263448C06}.Release|Any CPU.Build.0 = Release|Any CPU
		{54C0639B-7CC7-443C-B4CC-571FEEC0DBBF}.Debug|Any CPU.ActiveCfg = Debug|Any CPU
		{54C0639B-7CC7-443C-B4CC-571FEEC0DBBF}.Debug|Any CPU.Build.0 = Debug|Any CPU
		{54C0639B-7CC7-443C-B4CC-571FEEC0DBBF}.Release|Any CPU.ActiveCfg = Release|Any CPU
		{54C0639B-7CC7-443C-B4CC-571FEEC0DBBF}.Release|Any CPU.Build.0 = Release|Any CPU
		{15AFFA8F-E8E5-4DEE-BA6E-F6F6493FB6DD}.Debug|Any CPU.ActiveCfg = Debug|Any CPU
		{15AFFA8F-E8E5-4DEE-BA6E-F6F6493FB6DD}.Debug|Any CPU.Build.0 = Debug|Any CPU
		{15AFFA8F-E8E5-4DEE-BA6E-F6F6493FB6DD}.Release|Any CPU.ActiveCfg = Release|Any CPU
		{15AFFA8F-E8E5-4DEE-BA6E-F6F6493FB6DD}.Release|Any CPU.Build.0 = Release|Any CPU
		{84F98B8C-1ED7-4475-A44F-E885C8479235}.Debug|Any CPU.ActiveCfg = Debug|Any CPU
		{84F98B8C-1ED7-4475-A44F-E885C8479235}.Debug|Any CPU.Build.0 = Debug|Any CPU
		{84F98B8C-1ED7-4475-A44F-E885C8479235}.Release|Any CPU.ActiveCfg = Release|Any CPU
		{84F98B8C-1ED7-4475-A44F-E885C8479235}.Release|Any CPU.Build.0 = Release|Any CPU
		{3A88851C-3A47-4062-9511-25B946F1235F}.Debug|Any CPU.ActiveCfg = Debug|Any CPU
		{3A88851C-3A47-4062-9511-25B946F1235F}.Debug|Any CPU.Build.0 = Debug|Any CPU
		{3A88851C-3A47-4062-9511-25B946F1235F}.Release|Any CPU.ActiveCfg = Release|Any CPU
		{3A88851C-3A47-4062-9511-25B946F1235F}.Release|Any CPU.Build.0 = Release|Any CPU
		{6195921E-C954-4C5E-B447-8C507B46CF0D}.Debug|Any CPU.ActiveCfg = Debug|Any CPU
		{6195921E-C954-4C5E-B447-8C507B46CF0D}.Debug|Any CPU.Build.0 = Debug|Any CPU
		{6195921E-C954-4C5E-B447-8C507B46CF0D}.Release|Any CPU.ActiveCfg = Release|Any CPU
		{6195921E-C954-4C5E-B447-8C507B46CF0D}.Release|Any CPU.Build.0 = Release|Any CPU
	EndGlobalSection
	GlobalSection(SolutionProperties) = preSolution
		HideSolutionNode = FALSE
	EndGlobalSection
	GlobalSection(NestedProjects) = preSolution
		{35C1538E-5B91-4CEC-A9EB-9A6263448C06} = {AD3838FA-B965-4521-9F64-F71CDEE0FE5F}
		{54C0639B-7CC7-443C-B4CC-571FEEC0DBBF} = {AD3838FA-B965-4521-9F64-F71CDEE0FE5F}
		{15AFFA8F-E8E5-4DEE-BA6E-F6F6493FB6DD} = {AD3838FA-B965-4521-9F64-F71CDEE0FE5F}
		{84F98B8C-1ED7-4475-A44F-E885C8479235} = {AD3838FA-B965-4521-9F64-F71CDEE0FE5F}
		{3A88851C-3A47-4062-9511-25B946F1235F} = {AD3838FA-B965-4521-9F64-F71CDEE0FE5F}
		{6195921E-C954-4C5E-B447-8C507B46CF0D} = {43384171-3A75-43F5-9ECF-CF19F6170E8B}
	EndGlobalSection
	GlobalSection(ExtensibilityGlobals) = postSolution
		SolutionGuid = {56C23D38-EB86-4D78-8F37-A3B45162852A}
	EndGlobalSection
EndGlobal
